
Microsoft Visual Studio Solution File, Format Version 12.00
# Visual Studio Version 17
VisualStudioVersion = 17.8.34525.116
MinimumVisualStudioVersion = 10.0.40219.1
Project("{9A19103F-16F7-4668-BE54-9A1E7A4F7556}") = "Guard", "Guard\Guard.csproj", "{1FAC1723-FF69-4891-9F37-A596F56417AF}"
EndProject
Global
	GlobalSection(SolutionConfigurationPlatforms) = preSolution
		Debug|Any CPU = Debug|Any CPU
		Release|Any CPU = Release|Any CPU
	EndGlobalSection
	GlobalSection(ProjectConfigurationPlatforms) = postSolution
		{1FAC1723-FF69-4891-9F37-A596F56417AF}.Debug|Any CPU.ActiveCfg = Debug|Any CPU
		{1FAC1723-FF69-4891-9F37-A596F56417AF}.Debug|Any CPU.Build.0 = Debug|Any CPU
		{1FAC1723-FF69-4891-9F37-A596F56417AF}.Release|Any CPU.ActiveCfg = Release|Any CPU
		{1FAC1723-FF69-4891-9F37-A596F56417AF}.Release|Any CPU.Build.0 = Release|Any CPU
	EndGlobalSection
	GlobalSection(SolutionProperties) = preSolution
		HideSolutionNode = FALSE
	EndGlobalSection
	GlobalSection(ExtensibilityGlobals) = postSolution
		SolutionGuid = {3239039A-248E-4A05-A263-9A202D956D1C}
	EndGlobalSection
EndGlobal
