{
  "version": 1,
  "dependencies": {
    "net10.0-windows10.0.22621": {
      "Google.Protobuf": {
        "type": "Direct",
        "requested": "[3.33.5, )",
        "resolved": "3.33.5",
        "contentHash": "XEzLpCTosZb5I6eGSPn7rAES0VfkJkn3Cqydh0W39POdZwkdhPhOmAROTFJF9g0ardst4ulNXRm/q/iXwNu+Qw=="
      },
      "Konscious.Security.Cryptography.Argon2": {
        "type": "Direct",
        "requested": "[1.3.1, )",
        "resolved": "1.3.1",
        "contentHash": "T+OAGwzYYXftahpOxO7J4xA5K6urxwGnWQf3M+Jpi+76Azv/0T3M5SuN+h7/QvXuiqNw3ZEZ5QqVLI5ygDAylw==",
        "dependencies": {
          "Konscious.Security.Cryptography.Blake2": "1.1.1"
        }
      },
      "Microsoft.Security.Extensions": {
        "type": "Direct",
        "requested": "[1.4.0, )",
        "resolved": "1.4.0",
        "contentHash": "MnHXttc0jHbRrGdTJ+yJBbGDoa4OXhtnKXHQw70foMyAooFtPScZX/dN+Nib47nuglc9Gt29Gfb5Zl+1lAuTeA=="
      },
      "NSec.Cryptography": {
        "type": "Direct",
        "requested": "[25.4.0, )",
        "resolved": "25.4.0",
        "contentHash": "Z3wPpG0xefMLmhn9T+Ka/EzAmMQPT0THL/5E4lf9cXI/N9rbGH0G23ZFpRcPnD0ast2k7ieG6QSVNIjmfPCXBQ==",
        "dependencies": {
          "libsodium": "[1.0.20.1, 1.0.21)"
        }
      },
      "Otp.NET": {
        "type": "Direct",
        "requested": "[1.4.1, )",
        "resolved": "1.4.1",
        "contentHash": "UXjZ80T6BfVACJWmEcz4UFZ93hwX3STKojKvVpPk3qUhubjnLwIiZMsI4Hh91HhYxC0JlatNdNrVK2wkv4O9/Q=="
      },
      "SharpVectors.Wpf": {
        "type": "Direct",
        "requested": "[1.8.5, )",
        "resolved": "1.8.5",
        "contentHash": "WURdBDq5AE8RjKV9pFS7lNkJe81gxja9SaMGE4URq9GJUZ6M+5DGUL0Lm3B0iYW2/Meyowaz4ffGsyW+RBSTtg=="
      },
      "WPF-UI": {
        "type": "Direct",
        "requested": "[4.2.0, )",
        "resolved": "4.2.0",
        "contentHash": "cLJCqIYGtbSU8da9UnPV83SU5XttiM+BEZWW/jLSLjjmBvK2s54oDcO2wP36GEVgiXu5/QXJHlgXk0f14Cvw3g==",
        "dependencies": {
          "WPF-UI.Abstractions": "4.2.0"
        }
      },
      "WPF-UI.Tray": {
        "type": "Direct",
        "requested": "[4.2.0, )",
        "resolved": "4.2.0",
        "contentHash": "/t6fXMMuZ7tcQ6EKecG5e3Qyt9tdtKQP0u8gqpn+v+IDVVPWDXOsdDQ6t7QPteXi4UqGWFi8/ARoxzuNJ+RvFg==",
        "dependencies": {
          "WPF-UI": "4.2.0"
        }
      },
      "ZXing.Net": {
        "type": "Direct",
        "requested": "[0.16.11, )",
        "resolved": "0.16.11",
        "contentHash": "OZfAVu88hl87BffQ+rlWCj/vLvAhhCK4QnFaoveeF/MY8SjHNSYBQ3qyUEWlPKNgBQGh1syXhCDg10vUnCsqkg=="
      },
      "ZXing.Net.Bindings.Windows.Compatibility": {
        "type": "Direct",
        "requested": "[0.16.14, )",
        "resolved": "0.16.14",
        "contentHash": "bJw1qjpNJ8JmDP55UBAvA5bCU+vSEGua4z43nukJqMlrpkKu6mTw6NZGJZntM8KbNQ3RNLu8DJMJBSWUd0ifYg==",
        "dependencies": {
          "ZXing.Net": "0.16.11"
        }
      },
      "GuerrillaNtp": {
        "type": "Transitive",
        "resolved": "3.1.0",
        "contentHash": "KebM3/iZtZWgeFuGTQJyWu+VQKAeq1xXY9bkSSDv27hALxDtSdJAfPnT8dWpl7ti2B3ajnMj70/VLXY4D3bupg=="
      },
      "Konscious.Security.Cryptography.Blake2": {
        "type": "Transitive",
        "resolved": "1.1.1",
        "contentHash": "odwOyzj/J/lHJZNwFWJGU/LRecBShupAJ2S8TQqZfhUe9niHzu/voBYK5wuVKsvSpzbfupKQYZguVyIk1sgOkQ=="
      },
      "libsodium": {
        "type": "Transitive",
        "resolved": "1.0.20.1",
        "contentHash": "pkiceEqJDQFHjbga3k/oPfTVX9g+GKJZ1VrkuiLhaymt9YNw1Dr7cX9hNuZuNaWcr9WD0moW55k4pMwzQ7JaZQ=="
      },
      "LiteDB": {
        "type": "Transitive",
        "resolved": "5.0.21",
        "contentHash": "ykJ7ffFl7P9YQKR/PLci6zupiLrsSCNkOTiw6OtzntH7d2kCYp5L1+3a/pksKgTEHcJBoPXFtg7VZSGVBseN9w=="
      },
      "Serilog": {
        "type": "Transitive",
        "resolved": "4.3.0",
        "contentHash": "+cDryFR0GRhsGOnZSKwaDzRRl4MupvJ42FhCE4zhQRVanX0Jpg6WuCBk59OVhVDPmab1bB+nRykAnykYELA9qQ=="
      },
      "Serilog.Sinks.Debug": {
        "type": "Transitive",
        "resolved": "3.0.0",
        "contentHash": "4BzXcdrgRX7wde9PmHuYd9U6YqycCC28hhpKonK7hx0wb19eiuRj16fPcPSVp0o/Y1ipJuNLYQ00R3q2Zs8FDA==",
        "dependencies": {
          "Serilog": "4.0.0"
        }
      },
      "Serilog.Sinks.File": {
        "type": "Transitive",
        "resolved": "7.0.0",
        "contentHash": "fKL7mXv7qaiNBUC71ssvn/dU0k9t0o45+qm2XgKAlSt19xF+ijjxyA3R6HmCgfKEKwfcfkwWjayuQtRueZFkYw==",
        "dependencies": {
          "Serilog": "4.2.0"
        }
      },
      "UrlBase64": {
        "type": "Transitive",
        "resolved": "2.0.0",
        "contentHash": "b8tTEqBi0IEHU03MMG8raeKjn4P5EiFYfbx9mIotiGNGhl18b7p8qX0So4pawR1kSYIJWGQVngeWXHMFzZgq4g=="
      },
      "WPF-UI.Abstractions": {
        "type": "Transitive",
        "resolved": "4.2.0",
        "contentHash": "N4/ODw2F7yniiaEO6aEaxFC8aMJDJTGoeNNv3LLXFJs+qY2Flu9fMqFrRfcCFTk4ZKg1+guUB6Y0QKi6AGt88w=="
      },
      "guard.core": {
        "type": "Project",
        "dependencies": {
          "GuerrillaNtp": "[3.1.0, )",
          "Konscious.Security.Cryptography.Argon2": "[1.3.1, )",
          "LiteDB": "[5.0.21, )",
          "NSec.Cryptography": "[25.4.0, )",
          "Otp.NET": "[1.4.1, )",
          "Serilog": "[4.3.0, )",
          "Serilog.Sinks.Debug": "[3.0.0, )",
          "Serilog.Sinks.File": "[7.0.0, )",
          "UrlBase64": "[2.0.0, )"
        }
      }
    },
    "net10.0-windows10.0.22621/win-x64": {
      "Microsoft.Security.Extensions": {
        "type": "Direct",
        "requested": "[1.4.0, )",
        "resolved": "1.4.0",
        "contentHash": "MnHXttc0jHbRrGdTJ+yJBbGDoa4OXhtnKXHQw70foMyAooFtPScZX/dN+Nib47nuglc9Gt29Gfb5Zl+1lAuTeA=="
      },
      "libsodium": {
        "type": "Transitive",
        "resolved": "1.0.20.1",
        "contentHash": "pkiceEqJDQFHjbga3k/oPfTVX9g+GKJZ1VrkuiLhaymt9YNw1Dr7cX9hNuZuNaWcr9WD0moW55k4pMwzQ7JaZQ=="
      }
    }
  }
}