{
  "version": 1,
  "dependencies": {
    "net10.0-windows10.0.22621": {
      "coverlet.collector": {
        "type": "Direct",
        "requested": "[6.0.4, )",
        "resolved": "6.0.4",
        "contentHash": "lkhqpF8Pu2Y7IiN7OntbsTtdbpR1syMsm2F3IgX6ootA4ffRqWL5jF7XipHuZQTdVuWG/gVAAcf8mjk8Tz0xPg=="
      },
      "Microsoft.NET.Test.Sdk": {
        "type": "Direct",
        "requested": "[18.0.1, )",
        "resolved": "18.0.1",
        "contentHash": "WNpu6vI2rA0pXY4r7NKxCN16XRWl5uHu6qjuyVLoDo6oYEggIQefrMjkRuibQHm/NslIUNCcKftvoWAN80MSAg==",
        "dependencies": {
          "Microsoft.CodeCoverage": "18.0.1",
          "Microsoft.TestPlatform.TestHost": "18.0.1"
        }
      },
      "xunit.runner.visualstudio": {
        "type": "Direct",
        "requested": "[3.1.5, )",
        "resolved": "3.1.5",
        "contentHash": "tKi7dSTwP4m5m9eXPM2Ime4Kn7xNf4x4zT9sdLO/G4hZVnQCRiMTWoSZqI/pYTVeI27oPPqHBKYI/DjJ9GsYgA=="
      },
      "xunit.v3": {
        "type": "Direct",
        "requested": "[3.2.2, )",
        "resolved": "3.2.2",
        "contentHash": "L+4/4y0Uqcg8/d6hfnxhnwh4j9FaeULvefTwrk30rr1o4n/vdPfyUQ8k0yzH8VJx7bmFEkDdcRfbtbjEHlaYcA==",
        "dependencies": {
          "xunit.v3.mtp-v1": "[3.2.2]"
        }
      },
      "Google.Protobuf": {
        "type": "Transitive",
        "resolved": "3.33.5",
        "contentHash": "XEzLpCTosZb5I6eGSPn7rAES0VfkJkn3Cqydh0W39POdZwkdhPhOmAROTFJF9g0ardst4ulNXRm/q/iXwNu+Qw=="
      },
      "GuerrillaNtp": {
        "type": "Transitive",
        "resolved": "3.1.0",
        "contentHash": "KebM3/iZtZWgeFuGTQJyWu+VQKAeq1xXY9bkSSDv27hALxDtSdJAfPnT8dWpl7ti2B3ajnMj70/VLXY4D3bupg=="
      },
      "Konscious.Security.Cryptography.Argon2": {
        "type": "Transitive",
        "resolved": "1.3.1",
        "contentHash": "T+OAGwzYYXftahpOxO7J4xA5K6urxwGnWQf3M+Jpi+76Azv/0T3M5SuN+h7/QvXuiqNw3ZEZ5QqVLI5ygDAylw==",
        "dependencies": {
          "Konscious.Security.Cryptography.Blake2": "1.1.1"
        }
      },
      "Konscious.Security.Cryptography.Blake2": {
        "type": "Transitive",
        "resolved": "1.1.1",
        "contentHash": "odwOyzj/J/lHJZNwFWJGU/LRecBShupAJ2S8TQqZfhUe9niHzu/voBYK5wuVKsvSpzbfupKQYZguVyIk1sgOkQ=="
      },
      "libsodium": {
        "type": "Transitive",
        "resolved": "1.0.20.1",
        "contentHash": "pkiceEqJDQFHjbga3k/oPfTVX9g+GKJZ1VrkuiLhaymt9YNw1Dr7cX9hNuZuNaWcr9WD0moW55k4pMwzQ7JaZQ=="
      },
      "LiteDB": {
        "type": "Transitive",
        "resolved": "5.0.21",
        "contentHash": "ykJ7ffFl7P9YQKR/PLci6zupiLrsSCNkOTiw6OtzntH7d2kCYp5L1+3a/pksKgTEHcJBoPXFtg7VZSGVBseN9w=="
      },
      "Microsoft.ApplicationInsights": {
        "type": "Transitive",
        "resolved": "2.23.0",
        "contentHash": "nWArUZTdU7iqZLycLKWe0TDms48KKGE6pONH2terYNa8REXiqixrMOkf1sk5DHGMaUTqONU2YkS4SAXBhLStgw=="
      },
      "Microsoft.Bcl.AsyncInterfaces": {
        "type": "Transitive",
        "resolved": "6.0.0",
        "contentHash": "UcSjPsst+DfAdJGVDsu346FX0ci0ah+lw3WRtn18NUwEqRt70HaOQ7lI72vy3+1LxtqI3T5GWwV39rQSrCzAeg=="
      },
      "Microsoft.CodeCoverage": {
        "type": "Transitive",
        "resolved": "18.0.1",
        "contentHash": "O+utSr97NAJowIQT/OVp3Lh9QgW/wALVTP4RG1m2AfFP4IyJmJz0ZBmFJUsRQiAPgq6IRC0t8AAzsiPIsaUDEA=="
      },
      "Microsoft.Security.Extensions": {
        "type": "Transitive",
        "resolved": "1.4.0",
        "contentHash": "MnHXttc0jHbRrGdTJ+yJBbGDoa4OXhtnKXHQw70foMyAooFtPScZX/dN+Nib47nuglc9Gt29Gfb5Zl+1lAuTeA=="
      },
      "Microsoft.Testing.Extensions.Telemetry": {
        "type": "Transitive",
        "resolved": "1.9.1",
        "contentHash": "No5AudZMmSb+uNXjlgL2y3/stHD2IT4uxqc5yHwkE+/nNux9jbKcaJMvcp9SwgP4DVD8L9/P3OUz8mmmcvEIdQ==",
        "dependencies": {
          "Microsoft.ApplicationInsights": "2.23.0",
          "Microsoft.Testing.Platform": "1.9.1"
        }
      },
      "Microsoft.Testing.Extensions.TrxReport.Abstractions": {
        "type": "Transitive",
        "resolved": "1.9.1",
        "contentHash": "AL46Xe1WBi85Ntd4mNPvat5ZSsZ2uejiVqoKCypr8J3wK0elA5xJ3AN4G/Q4GIwzUFnggZoH/DBjnr9J18IO/g==",
        "dependencies": {
          "Microsoft.Testing.Platform": "1.9.1"
        }
      },
      "Microsoft.Testing.Platform": {
        "type": "Transitive",
        "resolved": "1.9.1",
        "contentHash": "QafNtNSmEI0zazdebnsIkDKmFtTSpmx/5PLOjURWwozcPb3tvRxzosQSL8xwYNM1iPhhKiBksXZyRSE2COisrA=="
      },
      "Microsoft.Testing.Platform.MSBuild": {
        "type": "Transitive",
        "resolved": "1.9.1",
        "contentHash": "oTUtyR4X/s9ytuiNA29FGsNCCH0rNmY5Wdm14NCKLjTM1cT9edVSlA+rGS/mVmusPqcP0l/x9qOnMXg16v87RQ==",
        "dependencies": {
          "Microsoft.Testing.Platform": "1.9.1"
        }
      },
      "Microsoft.TestPlatform.ObjectModel": {
        "type": "Transitive",
        "resolved": "18.0.1",
        "contentHash": "qT/mwMcLF9BieRkzOBPL2qCopl8hQu6A1P7JWAoj/FMu5i9vds/7cjbJ/LLtaiwWevWLAeD5v5wjQJ/l6jvhWQ=="
      },
      "Microsoft.TestPlatform.TestHost": {
        "type": "Transitive",
        "resolved": "18.0.1",
        "contentHash": "uDJKAEjFTaa2wHdWlfo6ektyoh+WD4/Eesrwb4FpBFKsLGehhACVnwwTI4qD3FrIlIEPlxdXg3SyrYRIcO+RRQ==",
        "dependencies": {
          "Microsoft.TestPlatform.ObjectModel": "18.0.1",
          "Newtonsoft.Json": "13.0.3"
        }
      },
      "Microsoft.Win32.Registry": {
        "type": "Transitive",
        "resolved": "5.0.0",
        "contentHash": "dDoKi0PnDz31yAyETfRntsLArTlVAVzUzCIvvEDsDsucrl33Dl8pIJG06ePTJTI3tGpeyHS9Cq7Foc/s4EeKcg=="
      },
      "Microsoft.Win32.SystemEvents": {
        "type": "Transitive",
        "resolved": "9.0.10",
        "contentHash": "P1CEtsxar/RhfoH3r1vc9ra28LLVYphpcFBxyRIEMM/jP3qh4j9TU4sWH2RUhMZX+GbFxZ+zz1oSP2n9MwjshA=="
      },
      "Newtonsoft.Json": {
        "type": "Transitive",
        "resolved": "13.0.3",
        "contentHash": "HrC5BXdl00IP9zeV+0Z848QWPAoCr9P3bDEZguI+gkLcBKAOxix/tLEAAHC+UvDNPv4a2d18lOReHMOagPa+zQ=="
      },
      "NSec.Cryptography": {
        "type": "Transitive",
        "resolved": "25.4.0",
        "contentHash": "Z3wPpG0xefMLmhn9T+Ka/EzAmMQPT0THL/5E4lf9cXI/N9rbGH0G23ZFpRcPnD0ast2k7ieG6QSVNIjmfPCXBQ==",
        "dependencies": {
          "libsodium": "[1.0.20.1, 1.0.21)"
        }
      },
      "Otp.NET": {
        "type": "Transitive",
        "resolved": "1.4.1",
        "contentHash": "UXjZ80T6BfVACJWmEcz4UFZ93hwX3STKojKvVpPk3qUhubjnLwIiZMsI4Hh91HhYxC0JlatNdNrVK2wkv4O9/Q=="
      },
      "Serilog": {
        "type": "Transitive",
        "resolved": "4.3.0",
        "contentHash": "+cDryFR0GRhsGOnZSKwaDzRRl4MupvJ42FhCE4zhQRVanX0Jpg6WuCBk59OVhVDPmab1bB+nRykAnykYELA9qQ=="
      },
      "Serilog.Sinks.Debug": {
        "type": "Transitive",
        "resolved": "3.0.0",
        "contentHash": "4BzXcdrgRX7wde9PmHuYd9U6YqycCC28hhpKonK7hx0wb19eiuRj16fPcPSVp0o/Y1ipJuNLYQ00R3q2Zs8FDA==",
        "dependencies": {
          "Serilog": "4.0.0"
        }
      },
      "Serilog.Sinks.File": {
        "type": "Transitive",
        "resolved": "7.0.0",
        "contentHash": "fKL7mXv7qaiNBUC71ssvn/dU0k9t0o45+qm2XgKAlSt19xF+ijjxyA3R6HmCgfKEKwfcfkwWjayuQtRueZFkYw==",
        "dependencies": {
          "Serilog": "4.2.0"
        }
      },
      "SharpVectors.Wpf": {
        "type": "Transitive",
        "resolved": "1.8.5",
        "contentHash": "WURdBDq5AE8RjKV9pFS7lNkJe81gxja9SaMGE4URq9GJUZ6M+5DGUL0Lm3B0iYW2/Meyowaz4ffGsyW+RBSTtg=="
      },
      "System.Drawing.Common": {
        "type": "Transitive",
        "resolved": "9.0.10",
        "contentHash": "FDakPhIcxHnhslLiz4ZQ+ALpHRpCU3zOep9Mcq+4hL23XwQrzmgJNYvf1tH4kJ/V36wO/ZhRr8nOfiz26P3wKg==",
        "dependencies": {
          "Microsoft.Win32.SystemEvents": "9.0.10"
        }
      },
      "UrlBase64": {
        "type": "Transitive",
        "resolved": "2.0.0",
        "contentHash": "b8tTEqBi0IEHU03MMG8raeKjn4P5EiFYfbx9mIotiGNGhl18b7p8qX0So4pawR1kSYIJWGQVngeWXHMFzZgq4g=="
      },
      "WPF-UI": {
        "type": "Transitive",
        "resolved": "4.2.0",
        "contentHash": "cLJCqIYGtbSU8da9UnPV83SU5XttiM+BEZWW/jLSLjjmBvK2s54oDcO2wP36GEVgiXu5/QXJHlgXk0f14Cvw3g==",
        "dependencies": {
          "WPF-UI.Abstractions": "4.2.0"
        }
      },
      "WPF-UI.Abstractions": {
        "type": "Transitive",
        "resolved": "4.2.0",
        "contentHash": "N4/ODw2F7yniiaEO6aEaxFC8aMJDJTGoeNNv3LLXFJs+qY2Flu9fMqFrRfcCFTk4ZKg1+guUB6Y0QKi6AGt88w=="
      },
      "WPF-UI.Tray": {
        "type": "Transitive",
        "resolved": "4.2.0",
        "contentHash": "/t6fXMMuZ7tcQ6EKecG5e3Qyt9tdtKQP0u8gqpn+v+IDVVPWDXOsdDQ6t7QPteXi4UqGWFi8/ARoxzuNJ+RvFg==",
        "dependencies": {
          "WPF-UI": "4.2.0"
        }
      },
      "xunit.analyzers": {
        "type": "Transitive",
        "resolved": "1.27.0",
        "contentHash": "y/pxIQaLvk/kxAoDkZW9GnHLCEqzwl5TW0vtX3pweyQpjizB9y3DXhb9pkw2dGeUqhLjsxvvJM1k89JowU6z3g=="
      },
      "xunit.v3.assert": {
        "type": "Transitive",
        "resolved": "3.2.2",
        "contentHash": "BPciBghgEEaJN/JG00QfCYDfEfnLgQhfnYEy+j1izoeHVNYd5+3Wm8GJ6JgYysOhpBPYGE+sbf75JtrRc7jrdA=="
      },
      "xunit.v3.common": {
        "type": "Transitive",
        "resolved": "3.2.2",
        "contentHash": "Hj775PEH6GTbbg0wfKRvG2hNspDCvTH9irXhH4qIWgdrOSV1sQlqPie+DOvFeigsFg2fxSM3ZAaaCDQs+KreFA==",
        "dependencies": {
          "Microsoft.Bcl.AsyncInterfaces": "6.0.0"
        }
      },
      "xunit.v3.core.mtp-v1": {
        "type": "Transitive",
        "resolved": "3.2.2",
        "contentHash": "Ga5aA2Ca9ktz+5k3g5ukzwfexwoqwDUpV6z7atSEUvqtd6JuybU1XopHqg1oFd78QdTfZgZE9h5sHpO4qYIi5w==",
        "dependencies": {
          "Microsoft.Testing.Extensions.Telemetry": "1.9.1",
          "Microsoft.Testing.Extensions.TrxReport.Abstractions": "1.9.1",
          "Microsoft.Testing.Platform": "1.9.1",
          "Microsoft.Testing.Platform.MSBuild": "1.9.1",
          "xunit.v3.extensibility.core": "[3.2.2]",
          "xunit.v3.runner.inproc.console": "[3.2.2]"
        }
      },
      "xunit.v3.extensibility.core": {
        "type": "Transitive",
        "resolved": "3.2.2",
        "contentHash": "srY8z/oMPvh/t8axtO2DwrHajhFMH7tnqKildvYrVQIfICi8fOn3yIBWkVPAcrKmHMwvXRJ/XsQM3VMR6DOYfQ==",
        "dependencies": {
          "xunit.v3.common": "[3.2.2]"
        }
      },
      "xunit.v3.mtp-v1": {
        "type": "Transitive",
        "resolved": "3.2.2",
        "contentHash": "O41aAzYKBT5PWqATa1oEWVNCyEUypFQ4va6K0kz37dduV3EKzXNMaV2UnEhufzU4Cce1I33gg0oldS8tGL5I0A==",
        "dependencies": {
          "xunit.analyzers": "1.27.0",
          "xunit.v3.assert": "[3.2.2]",
          "xunit.v3.core.mtp-v1": "[3.2.2]"
        }
      },
      "xunit.v3.runner.common": {
        "type": "Transitive",
        "resolved": "3.2.2",
        "contentHash": "/hkHkQCzGrugelOAehprm7RIWdsUFVmIVaD6jDH/8DNGCymTlKKPTbGokD5czbAfqfex47mBP0sb0zbHYwrO/g==",
        "dependencies": {
          "Microsoft.Win32.Registry": "[5.0.0]",
          "xunit.v3.common": "[3.2.2]"
        }
      },
      "xunit.v3.runner.inproc.console": {
        "type": "Transitive",
        "resolved": "3.2.2",
        "contentHash": "ulWOdSvCk+bPXijJZ73bth9NyoOHsAs1ZOvamYbCkD4DNLX/Bd29Ve2ZNUwBbK0MqfIYWXHZViy/HKrdEC/izw==",
        "dependencies": {
          "xunit.v3.extensibility.core": "[3.2.2]",
          "xunit.v3.runner.common": "[3.2.2]"
        }
      },
      "ZXing.Net": {
        "type": "Transitive",
        "resolved": "0.16.11",
        "contentHash": "OZfAVu88hl87BffQ+rlWCj/vLvAhhCK4QnFaoveeF/MY8SjHNSYBQ3qyUEWlPKNgBQGh1syXhCDg10vUnCsqkg=="
      },
      "ZXing.Net.Bindings.Windows.Compatibility": {
        "type": "Transitive",
        "resolved": "0.16.14",
        "contentHash": "bJw1qjpNJ8JmDP55UBAvA5bCU+vSEGua4z43nukJqMlrpkKu6mTw6NZGJZntM8KbNQ3RNLu8DJMJBSWUd0ifYg==",
        "dependencies": {
          "System.Drawing.Common": "9.0.10",
          "ZXing.Net": "0.16.11"
        }
      },
      "2FAGuard": {
        "type": "Project",
        "dependencies": {
          "Google.Protobuf": "[3.33.5, )",
          "Guard.Core": "[1.7.2, )",
          "Konscious.Security.Cryptography.Argon2": "[1.3.1, )",
          "Microsoft.Security.Extensions": "[1.4.0, )",
          "NSec.Cryptography": "[25.4.0, )",
          "Otp.NET": "[1.4.1, )",
          "SharpVectors.Wpf": "[1.8.5, )",
          "WPF-UI": "[4.2.0, )",
          "WPF-UI.Tray": "[4.2.0, )",
          "ZXing.Net": "[0.16.11, )",
          "ZXing.Net.Bindings.Windows.Compatibility": "[0.16.14, )"
        }
      },
      "guard.core": {
        "type": "Project",
        "dependencies": {
          "GuerrillaNtp": "[3.1.0, )",
          "Konscious.Security.Cryptography.Argon2": "[1.3.1, )",
          "LiteDB": "[5.0.21, )",
          "NSec.Cryptography": "[25.4.0, )",
          "Otp.NET": "[1.4.1, )",
          "Serilog": "[4.3.0, )",
          "Serilog.Sinks.Debug": "[3.0.0, )",
          "Serilog.Sinks.File": "[7.0.0, )",
          "UrlBase64": "[2.0.0, )"
        }
      }
    }
  }
}