{
  "version": 1,
  "dependencies": {
    "net10.0-windows10.0.22621": {
      "Microsoft.NET.ILLink.Tasks": {
        "type": "Direct",
        "requested": "[10.0.2, )",
        "resolved": "10.0.2",
        "contentHash": "sXdDtMf2qcnbygw9OdE535c2lxSxrZP8gO4UhDJ0xiJbl1wIqXS1OTcTDFTIJPOFd6Mhcm8gPEthqWGUxBsTqw=="
      },
      "Spectre.Console": {
        "type": "Direct",
        "requested": "[0.54.0, )",
        "resolved": "0.54.0",
        "contentHash": "StDXCFayfy0yB1xzUHT2tgEpV1/HFTiS4JgsAQS49EYTfMixSwwucaQs/bIOCwXjWwIQTMuxjUIxcB5XsJkFJA=="
      },
      "Spectre.Console.Analyzer": {
        "type": "Direct",
        "requested": "[1.0.0, )",
        "resolved": "1.0.0",
        "contentHash": "TojbwWASRf3PMUsotXa8MQ9SNwEwWZZ5bAYf1eLv+jiDsxaD/n7TKTi3da6z4+m8uZHri2i+BVRuLj5w+6j64Q=="
      },
      "Spectre.Console.Cli": {
        "type": "Direct",
        "requested": "[0.52.0, )",
        "resolved": "0.52.0",
        "contentHash": "50O+XG7tqtEErVGtqX00aUcsXJs7ltlSkGGAdRTI17zEgqzpQd7RRtf657eHXnPSK10SCoAuVMK0fnWPXDoVCA==",
        "dependencies": {
          "OpenCli.Sources": "0.5.0",
          "Spectre.Console": "0.52.0"
        }
      },
      "GuerrillaNtp": {
        "type": "Transitive",
        "resolved": "3.1.0",
        "contentHash": "KebM3/iZtZWgeFuGTQJyWu+VQKAeq1xXY9bkSSDv27hALxDtSdJAfPnT8dWpl7ti2B3ajnMj70/VLXY4D3bupg=="
      },
      "Konscious.Security.Cryptography.Argon2": {
        "type": "Transitive",
        "resolved": "1.3.1",
        "contentHash": "T+OAGwzYYXftahpOxO7J4xA5K6urxwGnWQf3M+Jpi+76Azv/0T3M5SuN+h7/QvXuiqNw3ZEZ5QqVLI5ygDAylw==",
        "dependencies": {
          "Konscious.Security.Cryptography.Blake2": "1.1.1"
        }
      },
      "Konscious.Security.Cryptography.Blake2": {
        "type": "Transitive",
        "resolved": "1.1.1",
        "contentHash": "odwOyzj/J/lHJZNwFWJGU/LRecBShupAJ2S8TQqZfhUe9niHzu/voBYK5wuVKsvSpzbfupKQYZguVyIk1sgOkQ=="
      },
      "libsodium": {
        "type": "Transitive",
        "resolved": "1.0.20.1",
        "contentHash": "pkiceEqJDQFHjbga3k/oPfTVX9g+GKJZ1VrkuiLhaymt9YNw1Dr7cX9hNuZuNaWcr9WD0moW55k4pMwzQ7JaZQ=="
      },
      "LiteDB": {
        "type": "Transitive",
        "resolved": "5.0.21",
        "contentHash": "ykJ7ffFl7P9YQKR/PLci6zupiLrsSCNkOTiw6OtzntH7d2kCYp5L1+3a/pksKgTEHcJBoPXFtg7VZSGVBseN9w=="
      },
      "Namotion.Reflection": {
        "type": "Transitive",
        "resolved": "3.4.2",
        "contentHash": "ZHrvPdAg7zV78iOTiH9ua+34rBfn4iH6Bjfo2bzUHOGD3KkjGUvqxBFy+v9p6qwV+GEeYWl4NOqXH8tVcZOMpw=="
      },
      "Newtonsoft.Json": {
        "type": "Transitive",
        "resolved": "13.0.3",
        "contentHash": "HrC5BXdl00IP9zeV+0Z848QWPAoCr9P3bDEZguI+gkLcBKAOxix/tLEAAHC+UvDNPv4a2d18lOReHMOagPa+zQ=="
      },
      "NJsonSchema": {
        "type": "Transitive",
        "resolved": "11.4.0",
        "contentHash": "0q6mr6eJk/D4jPFKyRwAPauedZK60yFE5rjA3+aqCdQm9kGE9J8xygRrLfk0Ms8wBviWbLlaZYzqAteG3b6Yag==",
        "dependencies": {
          "NJsonSchema.Annotations": "11.4.0",
          "Namotion.Reflection": "3.4.2",
          "Newtonsoft.Json": "13.0.3"
        }
      },
      "NJsonSchema.Annotations": {
        "type": "Transitive",
        "resolved": "11.4.0",
        "contentHash": "fKAGyIU9s18e9GAdNbEr2PmZdpBqb1RdAr2+EHHrdkSZNoYtwFcmN6syJaxYxeEFegoLbC3e+EU5eb7Tt1ph3Q=="
      },
      "NSec.Cryptography": {
        "type": "Transitive",
        "resolved": "25.4.0",
        "contentHash": "Z3wPpG0xefMLmhn9T+Ka/EzAmMQPT0THL/5E4lf9cXI/N9rbGH0G23ZFpRcPnD0ast2k7ieG6QSVNIjmfPCXBQ==",
        "dependencies": {
          "libsodium": "[1.0.20.1, 1.0.21)"
        }
      },
      "OpenCli.Sources": {
        "type": "Transitive",
        "resolved": "0.5.0",
        "contentHash": "5FgwoxpZy9Qy7MsKHb2hZBTWXEvg7JCPuNnaqsn2g0/X9oWQVThYQ1nND1xJrq8P1aw+Gh8sirV1HbefeqSalw==",
        "dependencies": {
          "NJsonSchema": "11.4.0"
        }
      },
      "Otp.NET": {
        "type": "Transitive",
        "resolved": "1.4.1",
        "contentHash": "UXjZ80T6BfVACJWmEcz4UFZ93hwX3STKojKvVpPk3qUhubjnLwIiZMsI4Hh91HhYxC0JlatNdNrVK2wkv4O9/Q=="
      },
      "Serilog": {
        "type": "Transitive",
        "resolved": "4.3.0",
        "contentHash": "+cDryFR0GRhsGOnZSKwaDzRRl4MupvJ42FhCE4zhQRVanX0Jpg6WuCBk59OVhVDPmab1bB+nRykAnykYELA9qQ=="
      },
      "Serilog.Sinks.Debug": {
        "type": "Transitive",
        "resolved": "3.0.0",
        "contentHash": "4BzXcdrgRX7wde9PmHuYd9U6YqycCC28hhpKonK7hx0wb19eiuRj16fPcPSVp0o/Y1ipJuNLYQ00R3q2Zs8FDA==",
        "dependencies": {
          "Serilog": "4.0.0"
        }
      },
      "Serilog.Sinks.File": {
        "type": "Transitive",
        "resolved": "7.0.0",
        "contentHash": "fKL7mXv7qaiNBUC71ssvn/dU0k9t0o45+qm2XgKAlSt19xF+ijjxyA3R6HmCgfKEKwfcfkwWjayuQtRueZFkYw==",
        "dependencies": {
          "Serilog": "4.2.0"
        }
      },
      "UrlBase64": {
        "type": "Transitive",
        "resolved": "2.0.0",
        "contentHash": "b8tTEqBi0IEHU03MMG8raeKjn4P5EiFYfbx9mIotiGNGhl18b7p8qX0So4pawR1kSYIJWGQVngeWXHMFzZgq4g=="
      },
      "guard.core": {
        "type": "Project",
        "dependencies": {
          "GuerrillaNtp": "[3.1.0, )",
          "Konscious.Security.Cryptography.Argon2": "[1.3.1, )",
          "LiteDB": "[5.0.21, )",
          "NSec.Cryptography": "[25.4.0, )",
          "Otp.NET": "[1.4.1, )",
          "Serilog": "[4.3.0, )",
          "Serilog.Sinks.Debug": "[3.0.0, )",
          "Serilog.Sinks.File": "[7.0.0, )",
          "UrlBase64": "[2.0.0, )"
        }
      }
    },
    "net10.0-windows10.0.22621/win-x64": {
      "libsodium": {
        "type": "Transitive",
        "resolved": "1.0.20.1",
        "contentHash": "pkiceEqJDQFHjbga3k/oPfTVX9g+GKJZ1VrkuiLhaymt9YNw1Dr7cX9hNuZuNaWcr9WD0moW55k4pMwzQ7JaZQ=="
      }
    }
  }
}